<Solution>
  <Project Path="src/YuG.Api/YuG.Api.csproj" />
  <Project Path="src/YuG.Domain/YuG.Domain.csproj" />
  <Project Path="src/YuG.Application/YuG.Application.csproj" />
  <Project Path="src/YuG.Infrastructure/YuG.Infrastructure.csproj" />
  <Project Path="tests/YuG.Domain.Tests/YuG.Domain.Tests.csproj" />
  <Project Path="tests/YuG.Application.Tests/YuG.Application.Tests.csproj" />
</Solution>
